
Microsoft Visual Studio Solution File, Format Version 12.00
# Visual Studio 2017
Project("{FAE04EC0-301F-11D3-BF4B-00C04F79EFBC}") = "Hack Jam 2018", "Hack Jam 2018.csproj", "{EE44AF53-6D02-139B-1648-4C0BFE081C4B}"
EndProject
Global
	GlobalSection(SolutionConfigurationPlatforms) = preSolution
		Debug|Any CPU = Debug|Any CPU
		Release|Any CPU = Release|Any CPU
	EndGlobalSection
	GlobalSection(ProjectConfigurationPlatforms) = postSolution
		{EE44AF53-6D02-139B-1648-4C0BFE081C4B}.Debug|Any CPU.ActiveCfg = Debug|Any CPU
		{EE44AF53-6D02-139B-1648-4C0BFE081C4B}.Debug|Any CPU.Build.0 = Debug|Any CPU
		{EE44AF53-6D02-139B-1648-4C0BFE081C4B}.Release|Any CPU.ActiveCfg = Release|Any CPU
		{EE44AF53-6D02-139B-1648-4C0BFE081C4B}.Release|Any CPU.Build.0 = Release|Any CPU
	EndGlobalSection
	GlobalSection(SolutionProperties) = preSolution
		HideSolutionNode = FALSE
	EndGlobalSection
EndGlobal
